{"name":"ayyan-portfolio","version":"0.1.0","lockfileVersion":3,"requires":true,"packages":{"":{"name":"ayyan-portfolio","version":"0.1.0","dependencies":{"@vercel/analytics":"^2.0.1","next":"15.5.7","react":"19.1.0","react-dom":"19.1.0"},"devDependencies":{"@types/node":"^22.10.2","@types/react":"^19.0.2","@types/react-dom":"^19.0.2","typescript":"^5.7.2"}},"node_modules/@vercel/analytics":{"version":"2.0.1","resolved":"https://registry.npmjs.org/@vercel/analytics/-/analytics-2.0.1.tgz","integrity":"sha512-7v8m6f6u7w7lKqGQ0c0Y8JrKcV5j0x0m3n0t7X7dYp8j6vGx9Q2j9Vf4m2k2g4r4n6x7y8z9A0b1c2d3e4f5g=="}}}